
Microsoft Visual Studio Solution File, Format Version 11.00
# Visual Studio 2010
Project("{FAE04EC0-301F-11D3-BF4B-00C04F79EFBC}") = "VR_Networking_Basics", "Assembly-CSharp-firstpass.csproj", "{E321A138-68FE-559B-2BD8-3CE78AA3F294}"
EndProject
Project("{FAE04EC0-301F-11D3-BF4B-00C04F79EFBC}") = "VR_Networking_Basics", "Assembly-CSharp.csproj", "{0FFC9FFB-D835-72DA-3B85-EEB428A9A0F4}"
EndProject
Project("{FAE04EC0-301F-11D3-BF4B-00C04F79EFBC}") = "VR_Networking_Basics", "Assembly-CSharp-Editor.csproj", "{04A9A23C-079C-9926-DD38-FD9284A3EF9E}"
EndProject
Global
	GlobalSection(SolutionConfigurationPlatforms) = preSolution
		Debug|Any CPU = Debug|Any CPU
		Release|Any CPU = Release|Any CPU
	EndGlobalSection
	GlobalSection(ProjectConfigurationPlatforms) = postSolution
		{E321A138-68FE-559B-2BD8-3CE78AA3F294}.Debug|Any CPU.ActiveCfg = Debug|Any CPU
		{E321A138-68FE-559B-2BD8-3CE78AA3F294}.Debug|Any CPU.Build.0 = Debug|Any CPU
		{E321A138-68FE-559B-2BD8-3CE78AA3F294}.Release|Any CPU.ActiveCfg = Release|Any CPU
		{E321A138-68FE-559B-2BD8-3CE78AA3F294}.Release|Any CPU.Build.0 = Release|Any CPU
		{0FFC9FFB-D835-72DA-3B85-EEB428A9A0F4}.Debug|Any CPU.ActiveCfg = Debug|Any CPU
		{0FFC9FFB-D835-72DA-3B85-EEB428A9A0F4}.Debug|Any CPU.Build.0 = Debug|Any CPU
		{0FFC9FFB-D835-72DA-3B85-EEB428A9A0F4}.Release|Any CPU.ActiveCfg = Release|Any CPU
		{0FFC9FFB-D835-72DA-3B85-EEB428A9A0F4}.Release|Any CPU.Build.0 = Release|Any CPU
		{04A9A23C-079C-9926-DD38-FD9284A3EF9E}.Debug|Any CPU.ActiveCfg = Debug|Any CPU
		{04A9A23C-079C-9926-DD38-FD9284A3EF9E}.Debug|Any CPU.Build.0 = Debug|Any CPU
		{04A9A23C-079C-9926-DD38-FD9284A3EF9E}.Release|Any CPU.ActiveCfg = Release|Any CPU
		{04A9A23C-079C-9926-DD38-FD9284A3EF9E}.Release|Any CPU.Build.0 = Release|Any CPU
	EndGlobalSection
	GlobalSection(SolutionProperties) = preSolution
		HideSolutionNode = FALSE
	EndGlobalSection
	GlobalSection(MonoDevelopProperties) = preSolution
		StartupItem = Assembly-CSharp.csproj
	EndGlobalSection
EndGlobal
