
Microsoft Visual Studio Solution File, Format Version 11.00
# Visual Studio 2010
Project("{FAE04EC0-301F-11D3-BF4B-00C04F79EFBC}") = "Portable-VR-ITPCamp2016", "Assembly-CSharp.csproj", "{F92C53D4-2BF2-13CD-C58E-5764EBAFBFD5}"
EndProject
Project("{FAE04EC0-301F-11D3-BF4B-00C04F79EFBC}") = "Portable-VR-ITPCamp2016", "Assembly-CSharp-Editor.csproj", "{5A981205-7B45-EF58-CBC8-77F287FD4DEE}"
EndProject
Global
	GlobalSection(SolutionConfigurationPlatforms) = preSolution
		Debug|Any CPU = Debug|Any CPU
		Release|Any CPU = Release|Any CPU
	EndGlobalSection
	GlobalSection(ProjectConfigurationPlatforms) = postSolution
		{F92C53D4-2BF2-13CD-C58E-5764EBAFBFD5}.Debug|Any CPU.ActiveCfg = Debug|Any CPU
		{F92C53D4-2BF2-13CD-C58E-5764EBAFBFD5}.Debug|Any CPU.Build.0 = Debug|Any CPU
		{F92C53D4-2BF2-13CD-C58E-5764EBAFBFD5}.Release|Any CPU.ActiveCfg = Release|Any CPU
		{F92C53D4-2BF2-13CD-C58E-5764EBAFBFD5}.Release|Any CPU.Build.0 = Release|Any CPU
		{5A981205-7B45-EF58-CBC8-77F287FD4DEE}.Debug|Any CPU.ActiveCfg = Debug|Any CPU
		{5A981205-7B45-EF58-CBC8-77F287FD4DEE}.Debug|Any CPU.Build.0 = Debug|Any CPU
		{5A981205-7B45-EF58-CBC8-77F287FD4DEE}.Release|Any CPU.ActiveCfg = Release|Any CPU
		{5A981205-7B45-EF58-CBC8-77F287FD4DEE}.Release|Any CPU.Build.0 = Release|Any CPU
	EndGlobalSection
	GlobalSection(SolutionProperties) = preSolution
		HideSolutionNode = FALSE
	EndGlobalSection
	GlobalSection(MonoDevelopProperties) = preSolution
		StartupItem = Assembly-CSharp.csproj
	EndGlobalSection
EndGlobal
