
Microsoft Visual Studio Solution File, Format Version 11.00
# Visual Studio 2010
Project("{FAE04EC0-301F-11D3-BF4B-00C04F79EFBC}") = "firstproject", "Assembly-CSharp.csproj", "{FB505FD0-ADD5-F942-265D-1C1999ADA617}"
EndProject
Project("{FAE04EC0-301F-11D3-BF4B-00C04F79EFBC}") = "firstproject", "Assembly-CSharp-Editor.csproj", "{7E5F1C05-A2E8-0367-7AE1-2B48265238E2}"
EndProject
Global
	GlobalSection(SolutionConfigurationPlatforms) = preSolution
		Debug|Any CPU = Debug|Any CPU
		Release|Any CPU = Release|Any CPU
	EndGlobalSection
	GlobalSection(ProjectConfigurationPlatforms) = postSolution
		{FB505FD0-ADD5-F942-265D-1C1999ADA617}.Debug|Any CPU.ActiveCfg = Debug|Any CPU
		{FB505FD0-ADD5-F942-265D-1C1999ADA617}.Debug|Any CPU.Build.0 = Debug|Any CPU
		{FB505FD0-ADD5-F942-265D-1C1999ADA617}.Release|Any CPU.ActiveCfg = Release|Any CPU
		{FB505FD0-ADD5-F942-265D-1C1999ADA617}.Release|Any CPU.Build.0 = Release|Any CPU
		{7E5F1C05-A2E8-0367-7AE1-2B48265238E2}.Debug|Any CPU.ActiveCfg = Debug|Any CPU
		{7E5F1C05-A2E8-0367-7AE1-2B48265238E2}.Debug|Any CPU.Build.0 = Debug|Any CPU
		{7E5F1C05-A2E8-0367-7AE1-2B48265238E2}.Release|Any CPU.ActiveCfg = Release|Any CPU
		{7E5F1C05-A2E8-0367-7AE1-2B48265238E2}.Release|Any CPU.Build.0 = Release|Any CPU
	EndGlobalSection
	GlobalSection(SolutionProperties) = preSolution
		HideSolutionNode = FALSE
	EndGlobalSection
	GlobalSection(MonoDevelopProperties) = preSolution
		StartupItem = Assembly-CSharp.csproj
	EndGlobalSection
EndGlobal
