Microsoft Visual Studio Solution File, Format Version 11.00
# Visual Studio 2008

Project("{B55466E2-CE50-29BD-B23A-D43ED51E14A7}") = "Intro_GameObjects_Scripts", "Assembly-CSharp-firstpass.csproj", "{69FA1C6D-E8B8-E934-2EC1-F5DEC8C9767C}"
EndProject
Project("{B55466E2-CE50-29BD-B23A-D43ED51E14A7}") = "Intro_GameObjects_Scripts", "Assembly-CSharp.csproj", "{E0C85190-3A35-6CF5-E628-371B483D5E0D}"
EndProject
Project("{B55466E2-CE50-29BD-B23A-D43ED51E14A7}") = "Intro_GameObjects_Scripts", "Assembly-CSharp-Editor-firstpass.csproj", "{637C74CD-E57B-CB93-FFE1-A16C6BC0F708}"
EndProject
Project("{B55466E2-CE50-29BD-B23A-D43ED51E14A7}") = "Intro_GameObjects_Scripts", "Assembly-CSharp-Editor.csproj", "{991C7DA4-3465-04F8-906E-932C1F6048A7}"
EndProject
Global
	GlobalSection(SolutionConfigurationPlatforms) = preSolution
		Debug|Any CPU = Debug|Any CPU
		Release|Any CPU = Release|Any CPU
	EndGlobalSection
	GlobalSection(ProjectConfigurationPlatforms) = postSolution
		{69FA1C6D-E8B8-E934-2EC1-F5DEC8C9767C}.Debug|Any CPU.ActiveCfg = Debug|Any CPU
		{69FA1C6D-E8B8-E934-2EC1-F5DEC8C9767C}.Debug|Any CPU.Build.0 = Debug|Any CPU
		{69FA1C6D-E8B8-E934-2EC1-F5DEC8C9767C}.Release|Any CPU.ActiveCfg = Release|Any CPU
		{69FA1C6D-E8B8-E934-2EC1-F5DEC8C9767C}.Release|Any CPU.Build.0 = Release|Any CPU
		{E0C85190-3A35-6CF5-E628-371B483D5E0D}.Debug|Any CPU.ActiveCfg = Debug|Any CPU
		{E0C85190-3A35-6CF5-E628-371B483D5E0D}.Debug|Any CPU.Build.0 = Debug|Any CPU
		{E0C85190-3A35-6CF5-E628-371B483D5E0D}.Release|Any CPU.ActiveCfg = Release|Any CPU
		{E0C85190-3A35-6CF5-E628-371B483D5E0D}.Release|Any CPU.Build.0 = Release|Any CPU
		{637C74CD-E57B-CB93-FFE1-A16C6BC0F708}.Debug|Any CPU.ActiveCfg = Debug|Any CPU
		{637C74CD-E57B-CB93-FFE1-A16C6BC0F708}.Debug|Any CPU.Build.0 = Debug|Any CPU
		{637C74CD-E57B-CB93-FFE1-A16C6BC0F708}.Release|Any CPU.ActiveCfg = Release|Any CPU
		{637C74CD-E57B-CB93-FFE1-A16C6BC0F708}.Release|Any CPU.Build.0 = Release|Any CPU
		{991C7DA4-3465-04F8-906E-932C1F6048A7}.Debug|Any CPU.ActiveCfg = Debug|Any CPU
		{991C7DA4-3465-04F8-906E-932C1F6048A7}.Debug|Any CPU.Build.0 = Debug|Any CPU
		{991C7DA4-3465-04F8-906E-932C1F6048A7}.Release|Any CPU.ActiveCfg = Release|Any CPU
		{991C7DA4-3465-04F8-906E-932C1F6048A7}.Release|Any CPU.Build.0 = Release|Any CPU
	EndGlobalSection
	GlobalSection(SolutionProperties) = preSolution
		HideSolutionNode = FALSE
	EndGlobalSection
	GlobalSection(MonoDevelopProperties) = preSolution
		StartupItem = Assembly-CSharp.csproj
	EndGlobalSection
EndGlobal
